
Microsoft Visual Studio Solution File, Format Version 12.00
# Visual Studio Version 17
VisualStudioVersion = 17.0.31903.59
MinimumVisualStudioVersion = 10.0.40219.1
Project("{2150E333-8FDC-42A3-9474-1A3956D46DE8}") = "src", "src", "{827E0CD3-B72D-47B6-A68D-7590B98EB39B}"
EndProject
Project("{FAE04EC0-301F-11D3-BF4B-00C04F79EFBC}") = "SipoDeck.Core", "src\SipoDeck.Core\SipoDeck.Core.csproj", "{8BF83411-E480-43C6-8368-71FB2DEE9A6D}"
EndProject
Project("{FAE04EC0-301F-11D3-BF4B-00C04F79EFBC}") = "SipoDeck", "src\SipoDeck\SipoDeck.csproj", "{81CD038C-7BDB-484E-8E8E-6F5A2333517B}"
EndProject
Project("{2150E333-8FDC-42A3-9474-1A3956D46DE8}") = "samples", "samples", "{5D20AA90-6969-D8BD-9DCD-8634F4692FDA}"
EndProject
Project("{FAE04EC0-301F-11D3-BF4B-00C04F79EFBC}") = "SipoDeck.EventFlowDemo", "samples\SipoDeck.EventFlowDemo\SipoDeck.EventFlowDemo.csproj", "{4EF2B89C-268A-41A0-894F-9D807C48BA7E}"
EndProject
Project("{FAE04EC0-301F-11D3-BF4B-00C04F79EFBC}") = "SipoDeck.DeviceMonitor", "samples\SipoDeck.DeviceMonitor\SipoDeck.DeviceMonitor.csproj", "{9C8E5D98-71B1-41CD-9874-757F48D8A21E}"
EndProject
Project("{FAE04EC0-301F-11D3-BF4B-00C04F79EFBC}") = "SipoDeck.Runtime", "src\SipoDeck.Runtime\SipoDeck.Runtime.csproj", "{1BFFA945-900D-4380-8C74-6E9F70FD63BA}"
EndProject
Project("{FAE04EC0-301F-11D3-BF4B-00C04F79EFBC}") = "SipoDeck.RuntimeDemo", "samples\SipoDeck.RuntimeDemo\SipoDeck.RuntimeDemo.csproj", "{1D17B260-A1C7-4E77-9AB6-B21B6342352C}"
EndProject
Project("{2150E333-8FDC-42A3-9474-1A3956D46DE8}") = "tests", "tests", "{0AB3BF05-4346-4AA6-1389-037BE0695223}"
EndProject
Project("{FAE04EC0-301F-11D3-BF4B-00C04F79EFBC}") = "SipoDeck.Core.Tests", "tests\SipoDeck.Core.Tests\SipoDeck.Core.Tests.csproj", "{73C5A09D-A563-49A4-837D-ECE921B660D8}"
EndProject
Project("{FAE04EC0-301F-11D3-BF4B-00C04F79EFBC}") = "SipoDeck.Runtime.Tests", "tests\SipoDeck.Runtime.Tests\SipoDeck.Runtime.Tests.csproj", "{32B50949-9A13-4403-A65C-DD0463380082}"
EndProject
Global
	GlobalSection(SolutionConfigurationPlatforms) = preSolution
		Debug|Any CPU = Debug|Any CPU
		Debug|x64 = Debug|x64
		Debug|x86 = Debug|x86
		Release|Any CPU = Release|Any CPU
		Release|x64 = Release|x64
		Release|x86 = Release|x86
	EndGlobalSection
	GlobalSection(ProjectConfigurationPlatforms) = postSolution
		{8BF83411-E480-43C6-8368-71FB2DEE9A6D}.Debug|Any CPU.ActiveCfg = Debug|Any CPU
		{8BF83411-E480-43C6-8368-71FB2DEE9A6D}.Debug|Any CPU.Build.0 = Debug|Any CPU
		{8BF83411-E480-43C6-8368-71FB2DEE9A6D}.Debug|x64.ActiveCfg = Debug|Any CPU
		{8BF83411-E480-43C6-8368-71FB2DEE9A6D}.Debug|x64.Build.0 = Debug|Any CPU
		{8BF83411-E480-43C6-8368-71FB2DEE9A6D}.Debug|x86.ActiveCfg = Debug|Any CPU
		{8BF83411-E480-43C6-8368-71FB2DEE9A6D}.Debug|x86.Build.0 = Debug|Any CPU
		{8BF83411-E480-43C6-8368-71FB2DEE9A6D}.Release|Any CPU.ActiveCfg = Release|Any CPU
		{8BF83411-E480-43C6-8368-71FB2DEE9A6D}.Release|Any CPU.Build.0 = Release|Any CPU
		{8BF83411-E480-43C6-8368-71FB2DEE9A6D}.Release|x64.ActiveCfg = Release|Any CPU
		{8BF83411-E480-43C6-8368-71FB2DEE9A6D}.Release|x64.Build.0 = Release|Any CPU
		{8BF83411-E480-43C6-8368-71FB2DEE9A6D}.Release|x86.ActiveCfg = Release|Any CPU
		{8BF83411-E480-43C6-8368-71FB2DEE9A6D}.Release|x86.Build.0 = Release|Any CPU
		{81CD038C-7BDB-484E-8E8E-6F5A2333517B}.Debug|Any CPU.ActiveCfg = Debug|Any CPU
		{81CD038C-7BDB-484E-8E8E-6F5A2333517B}.Debug|Any CPU.Build.0 = Debug|Any CPU
		{81CD038C-7BDB-484E-8E8E-6F5A2333517B}.Debug|x64.ActiveCfg = Debug|Any CPU
		{81CD038C-7BDB-484E-8E8E-6F5A2333517B}.Debug|x64.Build.0 = Debug|Any CPU
		{81CD038C-7BDB-484E-8E8E-6F5A2333517B}.Debug|x86.ActiveCfg = Debug|Any CPU
		{81CD038C-7BDB-484E-8E8E-6F5A2333517B}.Debug|x86.Build.0 = Debug|Any CPU
		{81CD038C-7BDB-484E-8E8E-6F5A2333517B}.Release|Any CPU.ActiveCfg = Release|Any CPU
		{81CD038C-7BDB-484E-8E8E-6F5A2333517B}.Release|Any CPU.Build.0 = Release|Any CPU
		{81CD038C-7BDB-484E-8E8E-6F5A2333517B}.Release|x64.ActiveCfg = Release|Any CPU
		{81CD038C-7BDB-484E-8E8E-6F5A2333517B}.Release|x64.Build.0 = Release|Any CPU
		{81CD038C-7BDB-484E-8E8E-6F5A2333517B}.Release|x86.ActiveCfg = Release|Any CPU
		{81CD038C-7BDB-484E-8E8E-6F5A2333517B}.Release|x86.Build.0 = Release|Any CPU
		{4EF2B89C-268A-41A0-894F-9D807C48BA7E}.Debug|Any CPU.ActiveCfg = Debug|Any CPU
		{4EF2B89C-268A-41A0-894F-9D807C48BA7E}.Debug|Any CPU.Build.0 = Debug|Any CPU
		{4EF2B89C-268A-41A0-894F-9D807C48BA7E}.Debug|x64.ActiveCfg = Debug|Any CPU
		{4EF2B89C-268A-41A0-894F-9D807C48BA7E}.Debug|x64.Build.0 = Debug|Any CPU
		{4EF2B89C-268A-41A0-894F-9D807C48BA7E}.Debug|x86.ActiveCfg = Debug|Any CPU
		{4EF2B89C-268A-41A0-894F-9D807C48BA7E}.Debug|x86.Build.0 = Debug|Any CPU
		{4EF2B89C-268A-41A0-894F-9D807C48BA7E}.Release|Any CPU.ActiveCfg = Release|Any CPU
		{4EF2B89C-268A-41A0-894F-9D807C48BA7E}.Release|Any CPU.Build.0 = Release|Any CPU
		{4EF2B89C-268A-41A0-894F-9D807C48BA7E}.Release|x64.ActiveCfg = Release|Any CPU
		{4EF2B89C-268A-41A0-894F-9D807C48BA7E}.Release|x64.Build.0 = Release|Any CPU
		{4EF2B89C-268A-41A0-894F-9D807C48BA7E}.Release|x86.ActiveCfg = Release|Any CPU
		{4EF2B89C-268A-41A0-894F-9D807C48BA7E}.Release|x86.Build.0 = Release|Any CPU
		{9C8E5D98-71B1-41CD-9874-757F48D8A21E}.Debug|Any CPU.ActiveCfg = Debug|Any CPU
		{9C8E5D98-71B1-41CD-9874-757F48D8A21E}.Debug|Any CPU.Build.0 = Debug|Any CPU
		{9C8E5D98-71B1-41CD-9874-757F48D8A21E}.Debug|x64.ActiveCfg = Debug|Any CPU
		{9C8E5D98-71B1-41CD-9874-757F48D8A21E}.Debug|x64.Build.0 = Debug|Any CPU
		{9C8E5D98-71B1-41CD-9874-757F48D8A21E}.Debug|x86.ActiveCfg = Debug|Any CPU
		{9C8E5D98-71B1-41CD-9874-757F48D8A21E}.Debug|x86.Build.0 = Debug|Any CPU
		{9C8E5D98-71B1-41CD-9874-757F48D8A21E}.Release|Any CPU.ActiveCfg = Release|Any CPU
		{9C8E5D98-71B1-41CD-9874-757F48D8A21E}.Release|Any CPU.Build.0 = Release|Any CPU
		{9C8E5D98-71B1-41CD-9874-757F48D8A21E}.Release|x64.ActiveCfg = Release|Any CPU
		{9C8E5D98-71B1-41CD-9874-757F48D8A21E}.Release|x64.Build.0 = Release|Any CPU
		{9C8E5D98-71B1-41CD-9874-757F48D8A21E}.Release|x86.ActiveCfg = Release|Any CPU
		{9C8E5D98-71B1-41CD-9874-757F48D8A21E}.Release|x86.Build.0 = Release|Any CPU
		{1BFFA945-900D-4380-8C74-6E9F70FD63BA}.Debug|Any CPU.ActiveCfg = Debug|Any CPU
		{1BFFA945-900D-4380-8C74-6E9F70FD63BA}.Debug|Any CPU.Build.0 = Debug|Any CPU
		{1BFFA945-900D-4380-8C74-6E9F70FD63BA}.Debug|x64.ActiveCfg = Debug|Any CPU
		{1BFFA945-900D-4380-8C74-6E9F70FD63BA}.Debug|x64.Build.0 = Debug|Any CPU
		{1BFFA945-900D-4380-8C74-6E9F70FD63BA}.Debug|x86.ActiveCfg = Debug|Any CPU
		{1BFFA945-900D-4380-8C74-6E9F70FD63BA}.Debug|x86.Build.0 = Debug|Any CPU
		{1BFFA945-900D-4380-8C74-6E9F70FD63BA}.Release|Any CPU.ActiveCfg = Release|Any CPU
		{1BFFA945-900D-4380-8C74-6E9F70FD63BA}.Release|Any CPU.Build.0 = Release|Any CPU
		{1BFFA945-900D-4380-8C74-6E9F70FD63BA}.Release|x64.ActiveCfg = Release|Any CPU
		{1BFFA945-900D-4380-8C74-6E9F70FD63BA}.Release|x64.Build.0 = Release|Any CPU
		{1BFFA945-900D-4380-8C74-6E9F70FD63BA}.Release|x86.ActiveCfg = Release|Any CPU
		{1BFFA945-900D-4380-8C74-6E9F70FD63BA}.Release|x86.Build.0 = Release|Any CPU
		{1D17B260-A1C7-4E77-9AB6-B21B6342352C}.Debug|Any CPU.ActiveCfg = Debug|Any CPU
		{1D17B260-A1C7-4E77-9AB6-B21B6342352C}.Debug|Any CPU.Build.0 = Debug|Any CPU
		{1D17B260-A1C7-4E77-9AB6-B21B6342352C}.Debug|x64.ActiveCfg = Debug|Any CPU
		{1D17B260-A1C7-4E77-9AB6-B21B6342352C}.Debug|x64.Build.0 = Debug|Any CPU
		{1D17B260-A1C7-4E77-9AB6-B21B6342352C}.Debug|x86.ActiveCfg = Debug|Any CPU
		{1D17B260-A1C7-4E77-9AB6-B21B6342352C}.Debug|x86.Build.0 = Debug|Any CPU
		{1D17B260-A1C7-4E77-9AB6-B21B6342352C}.Release|Any CPU.ActiveCfg = Release|Any CPU
		{1D17B260-A1C7-4E77-9AB6-B21B6342352C}.Release|Any CPU.Build.0 = Release|Any CPU
		{1D17B260-A1C7-4E77-9AB6-B21B6342352C}.Release|x64.ActiveCfg = Release|Any CPU
		{1D17B260-A1C7-4E77-9AB6-B21B6342352C}.Release|x64.Build.0 = Release|Any CPU
		{1D17B260-A1C7-4E77-9AB6-B21B6342352C}.Release|x86.ActiveCfg = Release|Any CPU
		{1D17B260-A1C7-4E77-9AB6-B21B6342352C}.Release|x86.Build.0 = Release|Any CPU
		{73C5A09D-A563-49A4-837D-ECE921B660D8}.Debug|Any CPU.ActiveCfg = Debug|Any CPU
		{73C5A09D-A563-49A4-837D-ECE921B660D8}.Debug|Any CPU.Build.0 = Debug|Any CPU
		{73C5A09D-A563-49A4-837D-ECE921B660D8}.Debug|x64.ActiveCfg = Debug|Any CPU
		{73C5A09D-A563-49A4-837D-ECE921B660D8}.Debug|x64.Build.0 = Debug|Any CPU
		{73C5A09D-A563-49A4-837D-ECE921B660D8}.Debug|x86.ActiveCfg = Debug|Any CPU
		{73C5A09D-A563-49A4-837D-ECE921B660D8}.Debug|x86.Build.0 = Debug|Any CPU
		{73C5A09D-A563-49A4-837D-ECE921B660D8}.Release|Any CPU.ActiveCfg = Release|Any CPU
		{73C5A09D-A563-49A4-837D-ECE921B660D8}.Release|Any CPU.Build.0 = Release|Any CPU
		{73C5A09D-A563-49A4-837D-ECE921B660D8}.Release|x64.ActiveCfg = Release|Any CPU
		{73C5A09D-A563-49A4-837D-ECE921B660D8}.Release|x64.Build.0 = Release|Any CPU
		{73C5A09D-A563-49A4-837D-ECE921B660D8}.Release|x86.ActiveCfg = Release|Any CPU
		{73C5A09D-A563-49A4-837D-ECE921B660D8}.Release|x86.Build.0 = Release|Any CPU
		{32B50949-9A13-4403-A65C-DD0463380082}.Debug|Any CPU.ActiveCfg = Debug|Any CPU
		{32B50949-9A13-4403-A65C-DD0463380082}.Debug|Any CPU.Build.0 = Debug|Any CPU
		{32B50949-9A13-4403-A65C-DD0463380082}.Debug|x64.ActiveCfg = Debug|Any CPU
		{32B50949-9A13-4403-A65C-DD0463380082}.Debug|x64.Build.0 = Debug|Any CPU
		{32B50949-9A13-4403-A65C-DD0463380082}.Debug|x86.ActiveCfg = Debug|Any CPU
		{32B50949-9A13-4403-A65C-DD0463380082}.Debug|x86.Build.0 = Debug|Any CPU
		{32B50949-9A13-4403-A65C-DD0463380082}.Release|Any CPU.ActiveCfg = Release|Any CPU
		{32B50949-9A13-4403-A65C-DD0463380082}.Release|Any CPU.Build.0 = Release|Any CPU
		{32B50949-9A13-4403-A65C-DD0463380082}.Release|x64.ActiveCfg = Release|Any CPU
		{32B50949-9A13-4403-A65C-DD0463380082}.Release|x64.Build.0 = Release|Any CPU
		{32B50949-9A13-4403-A65C-DD0463380082}.Release|x86.ActiveCfg = Release|Any CPU
		{32B50949-9A13-4403-A65C-DD0463380082}.Release|x86.Build.0 = Release|Any CPU
	EndGlobalSection
	GlobalSection(SolutionProperties) = preSolution
		HideSolutionNode = FALSE
	EndGlobalSection
	GlobalSection(NestedProjects) = preSolution
		{8BF83411-E480-43C6-8368-71FB2DEE9A6D} = {827E0CD3-B72D-47B6-A68D-7590B98EB39B}
		{81CD038C-7BDB-484E-8E8E-6F5A2333517B} = {827E0CD3-B72D-47B6-A68D-7590B98EB39B}
		{4EF2B89C-268A-41A0-894F-9D807C48BA7E} = {5D20AA90-6969-D8BD-9DCD-8634F4692FDA}
		{9C8E5D98-71B1-41CD-9874-757F48D8A21E} = {5D20AA90-6969-D8BD-9DCD-8634F4692FDA}
		{1BFFA945-900D-4380-8C74-6E9F70FD63BA} = {827E0CD3-B72D-47B6-A68D-7590B98EB39B}
		{1D17B260-A1C7-4E77-9AB6-B21B6342352C} = {5D20AA90-6969-D8BD-9DCD-8634F4692FDA}
		{73C5A09D-A563-49A4-837D-ECE921B660D8} = {0AB3BF05-4346-4AA6-1389-037BE0695223}
		{32B50949-9A13-4403-A65C-DD0463380082} = {0AB3BF05-4346-4AA6-1389-037BE0695223}
	EndGlobalSection
EndGlobal
